{
  "name": "Job Portal",
  "lockfileVersion": 3,
  "requires": true,
  "packages": {
    "": {
      "dependencies": {
        "embla-carousel": "^4.5.0"
      }
    },
    "node_modules/embla-carousel": {
      "version": "4.5.0",
      "resolved": "https://registry.npmjs.org/embla-carousel/-/embla-carousel-4.5.0.tgz",
      "integrity": "sha512-Y154DYESgzau+eIUH1hu4FNYRQmSFdzIr0dVE6Dhqv3IILCTLVcMmDosz5D0GpAd1jJDI1r0WbOBGBonA6wirw=="
    }
  }
}
